// !$*UTF8*$!
{
	archiveVersion = 1;
	classes = {
	};
	objectVersion = 56;
	objects = {

/* Begin PBXBuildFile section */
		F23369132A5CBE4C00F2F56F /* Test.swift in Sources */ = {isa = PBXBuildFile; fileRef = F23369122A5CBE4C00F2F56F /* Test.swift */; };
		F255D8182A4B520F00B6A8EC /* RagaData.swift in Sources */ = {isa = PBXBuildFile; fileRef = F255D8172A4B520F00B6A8EC /* RagaData.swift */; };
		F281B9382A4B819F008FD165 /* ragaInfo.json in Resources */ = {isa = PBXBuildFile; fileRef = F281B9372A4B819F008FD165 /* ragaInfo.json */; };
		F281B93E2A4BB0E0008FD165 /* SingleRagaView.swift in Sources */ = {isa = PBXBuildFile; fileRef = F281B93D2A4BB0E0008FD165 /* SingleRagaView.swift */; };
		F28392962A3F42BF003BFF36 /* RagaList.swift in Sources */ = {isa = PBXBuildFile; fileRef = F28392952A3F42BF003BFF36 /* RagaList.swift */; };
		F28392982A3F436D003BFF36 /* RagaBuilder.swift in Sources */ = {isa = PBXBuildFile; fileRef = F28392972A3F436D003BFF36 /* RagaBuilder.swift */; };
		F286E9672A6F607C004060F0 /* piano-G..wav in Resources */ = {isa = PBXBuildFile; fileRef = F286E9442A6F607B004060F0 /* piano-G..wav */; };
		F286E9682A6F607C004060F0 /* piano-.A.wav in Resources */ = {isa = PBXBuildFile; fileRef = F286E9452A6F607B004060F0 /* piano-.A.wav */; };
		F286E9692A6F607C004060F0 /* piano-.G.wav in Resources */ = {isa = PBXBuildFile; fileRef = F286E9462A6F607B004060F0 /* piano-.G.wav */; };
		F286E96A2A6F607C004060F0 /* piano-Bb..wav in Resources */ = {isa = PBXBuildFile; fileRef = F286E9472A6F607B004060F0 /* piano-Bb..wav */; };
		F286E96B2A6F607C004060F0 /* piano-G.wav in Resources */ = {isa = PBXBuildFile; fileRef = F286E9482A6F607B004060F0 /* piano-G.wav */; };
		F286E96C2A6F607C004060F0 /* piano-Db..wav in Resources */ = {isa = PBXBuildFile; fileRef = F286E9492A6F607B004060F0 /* piano-Db..wav */; };
		F286E96D2A6F607C004060F0 /* piano-Eb..wav in Resources */ = {isa = PBXBuildFile; fileRef = F286E94A2A6F607C004060F0 /* piano-Eb..wav */; };
		F286E96E2A6F607C004060F0 /* piano-D.wav in Resources */ = {isa = PBXBuildFile; fileRef = F286E94B2A6F607C004060F0 /* piano-D.wav */; };
		F286E96F2A6F607C004060F0 /* piano-Db...wav in Resources */ = {isa = PBXBuildFile; fileRef = F286E94C2A6F607C004060F0 /* piano-Db...wav */; };
		F286E9702A6F607C004060F0 /* piano-.Bb.wav in Resources */ = {isa = PBXBuildFile; fileRef = F286E94D2A6F607C004060F0 /* piano-.Bb.wav */; };
		F286E9712A6F607C004060F0 /* piano-Eb.wav in Resources */ = {isa = PBXBuildFile; fileRef = F286E94E2A6F607C004060F0 /* piano-Eb.wav */; };
		F286E9722A6F607C004060F0 /* piano-Gb.wav in Resources */ = {isa = PBXBuildFile; fileRef = F286E94F2A6F607C004060F0 /* piano-Gb.wav */; };
		F286E9732A6F607C004060F0 /* piano-.F.wav in Resources */ = {isa = PBXBuildFile; fileRef = F286E9502A6F607C004060F0 /* piano-.F.wav */; };
		F286E9742A6F607C004060F0 /* piano-Ab.wav in Resources */ = {isa = PBXBuildFile; fileRef = F286E9512A6F607C004060F0 /* piano-Ab.wav */; };
		F286E9752A6F607C004060F0 /* piano-Eb...wav in Resources */ = {isa = PBXBuildFile; fileRef = F286E9522A6F607C004060F0 /* piano-Eb...wav */; };
		F286E9762A6F607C004060F0 /* piano-Ab..wav in Resources */ = {isa = PBXBuildFile; fileRef = F286E9532A6F607C004060F0 /* piano-Ab..wav */; };
		F286E9772A6F607C004060F0 /* piano-.Gb.wav in Resources */ = {isa = PBXBuildFile; fileRef = F286E9542A6F607C004060F0 /* piano-.Gb.wav */; };
		F286E9782A6F607C004060F0 /* piano-B..wav in Resources */ = {isa = PBXBuildFile; fileRef = F286E9552A6F607C004060F0 /* piano-B..wav */; };
		F286E9792A6F607C004060F0 /* piano-Db.wav in Resources */ = {isa = PBXBuildFile; fileRef = F286E9562A6F607C004060F0 /* piano-Db.wav */; };
		F286E97A2A6F607C004060F0 /* piano-A.wav in Resources */ = {isa = PBXBuildFile; fileRef = F286E9572A6F607C004060F0 /* piano-A.wav */; };
		F286E97B2A6F607C004060F0 /* piano-.Ab.wav in Resources */ = {isa = PBXBuildFile; fileRef = F286E9582A6F607C004060F0 /* piano-.Ab.wav */; };
		F286E97C2A6F607C004060F0 /* piano-F.wav in Resources */ = {isa = PBXBuildFile; fileRef = F286E9592A6F607C004060F0 /* piano-F.wav */; };
		F286E97D2A6F607C004060F0 /* piano-E..wav in Resources */ = {isa = PBXBuildFile; fileRef = F286E95A2A6F607C004060F0 /* piano-E..wav */; };
		F286E97E2A6F607C004060F0 /* piano-C.wav in Resources */ = {isa = PBXBuildFile; fileRef = F286E95B2A6F607C004060F0 /* piano-C.wav */; };
		F286E97F2A6F607C004060F0 /* piano-A..wav in Resources */ = {isa = PBXBuildFile; fileRef = F286E95C2A6F607C004060F0 /* piano-A..wav */; };
		F286E9802A6F607C004060F0 /* piano-C...wav in Resources */ = {isa = PBXBuildFile; fileRef = F286E95D2A6F607C004060F0 /* piano-C...wav */; };
		F286E9812A6F607C004060F0 /* piano-E.wav in Resources */ = {isa = PBXBuildFile; fileRef = F286E95E2A6F607C004060F0 /* piano-E.wav */; };
		F286E9822A6F607C004060F0 /* piano-C..wav in Resources */ = {isa = PBXBuildFile; fileRef = F286E95F2A6F607C004060F0 /* piano-C..wav */; };
		F286E9832A6F607C004060F0 /* piano-Bb.wav in Resources */ = {isa = PBXBuildFile; fileRef = F286E9602A6F607C004060F0 /* piano-Bb.wav */; };
		F286E9842A6F607C004060F0 /* piano-.B.wav in Resources */ = {isa = PBXBuildFile; fileRef = F286E9612A6F607C004060F0 /* piano-.B.wav */; };
		F286E9852A6F607C004060F0 /* piano-D..wav in Resources */ = {isa = PBXBuildFile; fileRef = F286E9622A6F607C004060F0 /* piano-D..wav */; };
		F286E9862A6F607C004060F0 /* piano-B.wav in Resources */ = {isa = PBXBuildFile; fileRef = F286E9632A6F607C004060F0 /* piano-B.wav */; };
		F286E9872A6F607C004060F0 /* piano-F..wav in Resources */ = {isa = PBXBuildFile; fileRef = F286E9642A6F607C004060F0 /* piano-F..wav */; };
		F286E9882A6F607C004060F0 /* piano-D...wav in Resources */ = {isa = PBXBuildFile; fileRef = F286E9652A6F607C004060F0 /* piano-D...wav */; };
		F286E9892A6F607C004060F0 /* piano-Gb..wav in Resources */ = {isa = PBXBuildFile; fileRef = F286E9662A6F607C004060F0 /* piano-Gb..wav */; };
		F2882A722A47B5D5007819B2 /* SettingsView.swift in Sources */ = {isa = PBXBuildFile; fileRef = F2882A712A47B5D5007819B2 /* SettingsView.swift */; };
		F29EF6C82A3633DC005398DF /* RagaFinderApp.swift in Sources */ = {isa = PBXBuildFile; fileRef = F29EF6C72A3633DC005398DF /* RagaFinderApp.swift */; };
		F29EF6CA2A3633DC005398DF /* ContentView.swift in Sources */ = {isa = PBXBuildFile; fileRef = F29EF6C92A3633DC005398DF /* ContentView.swift */; };
		F29EF6CC2A3633DD005398DF /* Assets.xcassets in Resources */ = {isa = PBXBuildFile; fileRef = F29EF6CB2A3633DD005398DF /* Assets.xcassets */; };
		F29EF6CF2A3633DD005398DF /* Preview Assets.xcassets in Resources */ = {isa = PBXBuildFile; fileRef = F29EF6CE2A3633DD005398DF /* Preview Assets.xcassets */; };
/* End PBXBuildFile section */

/* Begin PBXFileReference section */
		F23369122A5CBE4C00F2F56F /* Test.swift */ = {isa = PBXFileReference; lastKnownFileType = sourcecode.swift; path = Test.swift; sourceTree = "<group>"; };
		F255D8172A4B520F00B6A8EC /* RagaData.swift */ = {isa = PBXFileReference; lastKnownFileType = sourcecode.swift; path = RagaData.swift; sourceTree = "<group>"; };
		F281B9372A4B819F008FD165 /* ragaInfo.json */ = {isa = PBXFileReference; lastKnownFileType = text.json; path = ragaInfo.json; sourceTree = "<group>"; };
		F281B93D2A4BB0E0008FD165 /* SingleRagaView.swift */ = {isa = PBXFileReference; lastKnownFileType = sourcecode.swift; path = SingleRagaView.swift; sourceTree = "<group>"; };
		F28392952A3F42BF003BFF36 /* RagaList.swift */ = {isa = PBXFileReference; lastKnownFileType = sourcecode.swift; path = RagaList.swift; sourceTree = "<group>"; };
		F28392972A3F436D003BFF36 /* RagaBuilder.swift */ = {isa = PBXFileReference; lastKnownFileType = sourcecode.swift; path = RagaBuilder.swift; sourceTree = "<group>"; };
		F286E9442A6F607B004060F0 /* piano-G..wav */ = {isa = PBXFileReference; lastKnownFileType = audio.wav; name = "piano-G..wav"; path = "../../../../Downloads/Sounds/piano-G..wav"; sourceTree = "<group>"; };
		F286E9452A6F607B004060F0 /* piano-.A.wav */ = {isa = PBXFileReference; lastKnownFileType = audio.wav; name = "piano-.A.wav"; path = "../../../../Downloads/Sounds/piano-.A.wav"; sourceTree = "<group>"; };
		F286E9462A6F607B004060F0 /* piano-.G.wav */ = {isa = PBXFileReference; lastKnownFileType = audio.wav; name = "piano-.G.wav"; path = "../../../../Downloads/Sounds/piano-.G.wav"; sourceTree = "<group>"; };
		F286E9472A6F607B004060F0 /* piano-Bb..wav */ = {isa = PBXFileReference; lastKnownFileType = audio.wav; name = "piano-Bb..wav"; path = "../../../../Downloads/Sounds/piano-Bb..wav"; sourceTree = "<group>"; };
		F286E9482A6F607B004060F0 /* piano-G.wav */ = {isa = PBXFileReference; lastKnownFileType = audio.wav; name = "piano-G.wav"; path = "../../../../Downloads/Sounds/piano-G.wav"; sourceTree = "<group>"; };
		F286E9492A6F607B004060F0 /* piano-Db..wav */ = {isa = PBXFileReference; lastKnownFileType = audio.wav; name = "piano-Db..wav"; path = "../../../../Downloads/Sounds/piano-Db..wav"; sourceTree = "<group>"; };
		F286E94A2A6F607C004060F0 /* piano-Eb..wav */ = {isa = PBXFileReference; lastKnownFileType = audio.wav; name = "piano-Eb..wav"; path = "../../../../Downloads/Sounds/piano-Eb..wav"; sourceTree = "<group>"; };
		F286E94B2A6F607C004060F0 /* piano-D.wav */ = {isa = PBXFileReference; lastKnownFileType = audio.wav; name = "piano-D.wav"; path = "../../../../Downloads/Sounds/piano-D.wav"; sourceTree = "<group>"; };
		F286E94C2A6F607C004060F0 /* piano-Db...wav */ = {isa = PBXFileReference; lastKnownFileType = audio.wav; name = "piano-Db...wav"; path = "../../../../Downloads/Sounds/piano-Db...wav"; sourceTree = "<group>"; };
		F286E94D2A6F607C004060F0 /* piano-.Bb.wav */ = {isa = PBXFileReference; lastKnownFileType = audio.wav; name = "piano-.Bb.wav"; path = "../../../../Downloads/Sounds/piano-.Bb.wav"; sourceTree = "<group>"; };
		F286E94E2A6F607C004060F0 /* piano-Eb.wav */ = {isa = PBXFileReference; lastKnownFileType = audio.wav; name = "piano-Eb.wav"; path = "../../../../Downloads/Sounds/piano-Eb.wav"; sourceTree = "<group>"; };
		F286E94F2A6F607C004060F0 /* piano-Gb.wav */ = {isa = PBXFileReference; lastKnownFileType = audio.wav; name = "piano-Gb.wav"; path = "../../../../Downloads/Sounds/piano-Gb.wav"; sourceTree = "<group>"; };
		F286E9502A6F607C004060F0 /* piano-.F.wav */ = {isa = PBXFileReference; lastKnownFileType = audio.wav; name = "piano-.F.wav"; path = "../../../../Downloads/Sounds/piano-.F.wav"; sourceTree = "<group>"; };
		F286E9512A6F607C004060F0 /* piano-Ab.wav */ = {isa = PBXFileReference; lastKnownFileType = audio.wav; name = "piano-Ab.wav"; path = "../../../../Downloads/Sounds/piano-Ab.wav"; sourceTree = "<group>"; };
		F286E9522A6F607C004060F0 /* piano-Eb...wav */ = {isa = PBXFileReference; lastKnownFileType = audio.wav; name = "piano-Eb...wav"; path = "../../../../Downloads/Sounds/piano-Eb...wav"; sourceTree = "<group>"; };
		F286E9532A6F607C004060F0 /* piano-Ab..wav */ = {isa = PBXFileReference; lastKnownFileType = audio.wav; name = "piano-Ab..wav"; path = "../../../../Downloads/Sounds/piano-Ab..wav"; sourceTree = "<group>"; };
		F286E9542A6F607C004060F0 /* piano-.Gb.wav */ = {isa = PBXFileReference; lastKnownFileType = audio.wav; name = "piano-.Gb.wav"; path = "../../../../Downloads/Sounds/piano-.Gb.wav"; sourceTree = "<group>"; };
		F286E9552A6F607C004060F0 /* piano-B..wav */ = {isa = PBXFileReference; lastKnownFileType = audio.wav; name = "piano-B..wav"; path = "../../../../Downloads/Sounds/piano-B..wav"; sourceTree = "<group>"; };
		F286E9562A6F607C004060F0 /* piano-Db.wav */ = {isa = PBXFileReference; lastKnownFileType = audio.wav; name = "piano-Db.wav"; path = "../../../../Downloads/Sounds/piano-Db.wav"; sourceTree = "<group>"; };
		F286E9572A6F607C004060F0 /* piano-A.wav */ = {isa = PBXFileReference; lastKnownFileType = audio.wav; name = "piano-A.wav"; path = "../../../../Downloads/Sounds/piano-A.wav"; sourceTree = "<group>"; };
		F286E9582A6F607C004060F0 /* piano-.Ab.wav */ = {isa = PBXFileReference; lastKnownFileType = audio.wav; name = "piano-.Ab.wav"; path = "../../../../Downloads/Sounds/piano-.Ab.wav"; sourceTree = "<group>"; };
		F286E9592A6F607C004060F0 /* piano-F.wav */ = {isa = PBXFileReference; lastKnownFileType = audio.wav; name = "piano-F.wav"; path = "../../../../Downloads/Sounds/piano-F.wav"; sourceTree = "<group>"; };
		F286E95A2A6F607C004060F0 /* piano-E..wav */ = {isa = PBXFileReference; lastKnownFileType = audio.wav; name = "piano-E..wav"; path = "../../../../Downloads/Sounds/piano-E..wav"; sourceTree = "<group>"; };
		F286E95B2A6F607C004060F0 /* piano-C.wav */ = {isa = PBXFileReference; lastKnownFileType = audio.wav; name = "piano-C.wav"; path = "../../../../Downloads/Sounds/piano-C.wav"; sourceTree = "<group>"; };
		F286E95C2A6F607C004060F0 /* piano-A..wav */ = {isa = PBXFileReference; lastKnownFileType = audio.wav; name = "piano-A..wav"; path = "../../../../Downloads/Sounds/piano-A..wav"; sourceTree = "<group>"; };
		F286E95D2A6F607C004060F0 /* piano-C...wav */ = {isa = PBXFileReference; lastKnownFileType = audio.wav; name = "piano-C...wav"; path = "../../../../Downloads/Sounds/piano-C...wav"; sourceTree = "<group>"; };
		F286E95E2A6F607C004060F0 /* piano-E.wav */ = {isa = PBXFileReference; lastKnownFileType = audio.wav; name = "piano-E.wav"; path = "../../../../Downloads/Sounds/piano-E.wav"; sourceTree = "<group>"; };
		F286E95F2A6F607C004060F0 /* piano-C..wav */ = {isa = PBXFileReference; lastKnownFileType = audio.wav; name = "piano-C..wav"; path = "../../../../Downloads/Sounds/piano-C..wav"; sourceTree = "<group>"; };
		F286E9602A6F607C004060F0 /* piano-Bb.wav */ = {isa = PBXFileReference; lastKnownFileType = audio.wav; name = "piano-Bb.wav"; path = "../../../../Downloads/Sounds/piano-Bb.wav"; sourceTree = "<group>"; };
		F286E9612A6F607C004060F0 /* piano-.B.wav */ = {isa = PBXFileReference; lastKnownFileType = audio.wav; name = "piano-.B.wav"; path = "../../../../Downloads/Sounds/piano-.B.wav"; sourceTree = "<group>"; };
		F286E9622A6F607C004060F0 /* piano-D..wav */ = {isa = PBXFileReference; lastKnownFileType = audio.wav; name = "piano-D..wav"; path = "../../../../Downloads/Sounds/piano-D..wav"; sourceTree = "<group>"; };
		F286E9632A6F607C004060F0 /* piano-B.wav */ = {isa = PBXFileReference; lastKnownFileType = audio.wav; name = "piano-B.wav"; path = "../../../../Downloads/Sounds/piano-B.wav"; sourceTree = "<group>"; };
		F286E9642A6F607C004060F0 /* piano-F..wav */ = {isa = PBXFileReference; lastKnownFileType = audio.wav; name = "piano-F..wav"; path = "../../../../Downloads/Sounds/piano-F..wav"; sourceTree = "<group>"; };
		F286E9652A6F607C004060F0 /* piano-D...wav */ = {isa = PBXFileReference; lastKnownFileType = audio.wav; name = "piano-D...wav"; path = "../../../../Downloads/Sounds/piano-D...wav"; sourceTree = "<group>"; };
		F286E9662A6F607C004060F0 /* piano-Gb..wav */ = {isa = PBXFileReference; lastKnownFileType = audio.wav; name = "piano-Gb..wav"; path = "../../../../Downloads/Sounds/piano-Gb..wav"; sourceTree = "<group>"; };
		F2882A712A47B5D5007819B2 /* SettingsView.swift */ = {isa = PBXFileReference; lastKnownFileType = sourcecode.swift; path = SettingsView.swift; sourceTree = "<group>"; };
		F29EF6C42A3633DC005398DF /* RagaFinder.app */ = {isa = PBXFileReference; explicitFileType = wrapper.application; includeInIndex = 0; path = RagaFinder.app; sourceTree = BUILT_PRODUCTS_DIR; };
		F29EF6C72A3633DC005398DF /* RagaFinderApp.swift */ = {isa = PBXFileReference; lastKnownFileType = sourcecode.swift; path = RagaFinderApp.swift; sourceTree = "<group>"; };
		F29EF6C92A3633DC005398DF /* ContentView.swift */ = {isa = PBXFileReference; lastKnownFileType = sourcecode.swift; path = ContentView.swift; sourceTree = "<group>"; };
		F29EF6CB2A3633DD005398DF /* Assets.xcassets */ = {isa = PBXFileReference; lastKnownFileType = folder.assetcatalog; path = Assets.xcassets; sourceTree = "<group>"; };
		F29EF6CE2A3633DD005398DF /* Preview Assets.xcassets */ = {isa = PBXFileReference; lastKnownFileType = folder.assetcatalog; path = "Preview Assets.xcassets"; sourceTree = "<group>"; };
/* End PBXFileReference section */

/* Begin PBXFrameworksBuildPhase section */
		F29EF6C12A3633DC005398DF /* Frameworks */ = {
			isa = PBXFrameworksBuildPhase;
			buildActionMask = 2147483647;
			files = (
			);
			runOnlyForDeploymentPostprocessing = 0;
		};
/* End PBXFrameworksBuildPhase section */

/* Begin PBXGroup section */
		F2882A732A488A30007819B2 /* Sounds */ = {
			isa = PBXGroup;
			children = (
				F286E9452A6F607B004060F0 /* piano-.A.wav */,
				F286E9582A6F607C004060F0 /* piano-.Ab.wav */,
				F286E9612A6F607C004060F0 /* piano-.B.wav */,
				F286E94D2A6F607C004060F0 /* piano-.Bb.wav */,
				F286E9502A6F607C004060F0 /* piano-.F.wav */,
				F286E9462A6F607B004060F0 /* piano-.G.wav */,
				F286E9542A6F607C004060F0 /* piano-.Gb.wav */,
				F286E95C2A6F607C004060F0 /* piano-A..wav */,
				F286E9572A6F607C004060F0 /* piano-A.wav */,
				F286E9532A6F607C004060F0 /* piano-Ab..wav */,
				F286E9512A6F607C004060F0 /* piano-Ab.wav */,
				F286E9552A6F607C004060F0 /* piano-B..wav */,
				F286E9632A6F607C004060F0 /* piano-B.wav */,
				F286E9472A6F607B004060F0 /* piano-Bb..wav */,
				F286E9602A6F607C004060F0 /* piano-Bb.wav */,
				F286E95D2A6F607C004060F0 /* piano-C...wav */,
				F286E95F2A6F607C004060F0 /* piano-C..wav */,
				F286E95B2A6F607C004060F0 /* piano-C.wav */,
				F286E9652A6F607C004060F0 /* piano-D...wav */,
				F286E9622A6F607C004060F0 /* piano-D..wav */,
				F286E94B2A6F607C004060F0 /* piano-D.wav */,
				F286E94C2A6F607C004060F0 /* piano-Db...wav */,
				F286E9492A6F607B004060F0 /* piano-Db..wav */,
				F286E9562A6F607C004060F0 /* piano-Db.wav */,
				F286E95A2A6F607C004060F0 /* piano-E..wav */,
				F286E95E2A6F607C004060F0 /* piano-E.wav */,
				F286E9522A6F607C004060F0 /* piano-Eb...wav */,
				F286E94A2A6F607C004060F0 /* piano-Eb..wav */,
				F286E94E2A6F607C004060F0 /* piano-Eb.wav */,
				F286E9642A6F607C004060F0 /* piano-F..wav */,
				F286E9592A6F607C004060F0 /* piano-F.wav */,
				F286E9442A6F607B004060F0 /* piano-G..wav */,
				F286E9482A6F607B004060F0 /* piano-G.wav */,
				F286E9662A6F607C004060F0 /* piano-Gb..wav */,
				F286E94F2A6F607C004060F0 /* piano-Gb.wav */,
			);
			path = Sounds;
			sourceTree = "<group>";
		};
		F29EF6BB2A3633DC005398DF = {
			isa = PBXGroup;
			children = (
				F29EF6C62A3633DC005398DF /* RagaFinder */,
				F29EF6C52A3633DC005398DF /* Products */,
			);
			sourceTree = "<group>";
		};
		F29EF6C52A3633DC005398DF /* Products */ = {
			isa = PBXGroup;
			children = (
				F29EF6C42A3633DC005398DF /* RagaFinder.app */,
			);
			name = Products;
			sourceTree = "<group>";
		};
		F29EF6C62A3633DC005398DF /* RagaFinder */ = {
			isa = PBXGroup;
			children = (
				F2882A732A488A30007819B2 /* Sounds */,
				F29EF6C72A3633DC005398DF /* RagaFinderApp.swift */,
				F29EF6C92A3633DC005398DF /* ContentView.swift */,
				F28392972A3F436D003BFF36 /* RagaBuilder.swift */,
				F28392952A3F42BF003BFF36 /* RagaList.swift */,
				F2882A712A47B5D5007819B2 /* SettingsView.swift */,
				F281B93D2A4BB0E0008FD165 /* SingleRagaView.swift */,
				F255D8172A4B520F00B6A8EC /* RagaData.swift */,
				F281B9372A4B819F008FD165 /* ragaInfo.json */,
				F29EF6CB2A3633DD005398DF /* Assets.xcassets */,
				F29EF6CD2A3633DD005398DF /* Preview Content */,
				F23369122A5CBE4C00F2F56F /* Test.swift */,
			);
			path = RagaFinder;
			sourceTree = "<group>";
		};
		F29EF6CD2A3633DD005398DF /* Preview Content */ = {
			isa = PBXGroup;
			children = (
				F29EF6CE2A3633DD005398DF /* Preview Assets.xcassets */,
			);
			path = "Preview Content";
			sourceTree = "<group>";
		};
/* End PBXGroup section */

/* Begin PBXNativeTarget section */
		F29EF6C32A3633DC005398DF /* RagaFinder */ = {
			isa = PBXNativeTarget;
			buildConfigurationList = F29EF6D22A3633DD005398DF /* Build configuration list for PBXNativeTarget "RagaFinder" */;
			buildPhases = (
				F29EF6C02A3633DC005398DF /* Sources */,
				F29EF6C12A3633DC005398DF /* Frameworks */,
				F29EF6C22A3633DC005398DF /* Resources */,
			);
			buildRules = (
			);
			dependencies = (
			);
			name = RagaFinder;
			packageProductDependencies = (
			);
			productName = RagaFinder;
			productReference = F29EF6C42A3633DC005398DF /* RagaFinder.app */;
			productType = "com.apple.product-type.application";
		};
/* End PBXNativeTarget section */

/* Begin PBXProject section */
		F29EF6BC2A3633DC005398DF /* Project object */ = {
			isa = PBXProject;
			attributes = {
				BuildIndependentTargetsInParallel = 1;
				LastSwiftUpdateCheck = 1430;
				LastUpgradeCheck = 1430;
				TargetAttributes = {
					F29EF6C32A3633DC005398DF = {
						CreatedOnToolsVersion = 14.3.1;
					};
				};
			};
			buildConfigurationList = F29EF6BF2A3633DC005398DF /* Build configuration list for PBXProject "RagaFinder" */;
			compatibilityVersion = "Xcode 14.0";
			developmentRegion = en;
			hasScannedForEncodings = 0;
			knownRegions = (
				en,
				Base,
			);
			mainGroup = F29EF6BB2A3633DC005398DF;
			packageReferences = (
			);
			productRefGroup = F29EF6C52A3633DC005398DF /* Products */;
			projectDirPath = "";
			projectRoot = "";
			targets = (
				F29EF6C32A3633DC005398DF /* RagaFinder */,
			);
		};
/* End PBXProject section */

/* Begin PBXResourcesBuildPhase section */
		F29EF6C22A3633DC005398DF /* Resources */ = {
			isa = PBXResourcesBuildPhase;
			buildActionMask = 2147483647;
			files = (
				F286E9792A6F607C004060F0 /* piano-Db.wav in Resources */,
				F286E9752A6F607C004060F0 /* piano-Eb...wav in Resources */,
				F281B9382A4B819F008FD165 /* ragaInfo.json in Resources */,
				F286E97C2A6F607C004060F0 /* piano-F.wav in Resources */,
				F286E97D2A6F607C004060F0 /* piano-E..wav in Resources */,
				F286E96F2A6F607C004060F0 /* piano-Db...wav in Resources */,
				F286E9882A6F607C004060F0 /* piano-D...wav in Resources */,
				F286E97F2A6F607C004060F0 /* piano-A..wav in Resources */,
				F286E9692A6F607C004060F0 /* piano-.G.wav in Resources */,
				F286E9812A6F607C004060F0 /* piano-E.wav in Resources */,
				F286E97A2A6F607C004060F0 /* piano-A.wav in Resources */,
				F286E9892A6F607C004060F0 /* piano-Gb..wav in Resources */,
				F286E9732A6F607C004060F0 /* piano-.F.wav in Resources */,
				F286E96A2A6F607C004060F0 /* piano-Bb..wav in Resources */,
				F286E9712A6F607C004060F0 /* piano-Eb.wav in Resources */,
				F286E9742A6F607C004060F0 /* piano-Ab.wav in Resources */,
				F286E96B2A6F607C004060F0 /* piano-G.wav in Resources */,
				F29EF6CF2A3633DD005398DF /* Preview Assets.xcassets in Resources */,
				F286E9832A6F607C004060F0 /* piano-Bb.wav in Resources */,
				F286E9782A6F607C004060F0 /* piano-B..wav in Resources */,
				F286E9722A6F607C004060F0 /* piano-Gb.wav in Resources */,
				F286E97B2A6F607C004060F0 /* piano-.Ab.wav in Resources */,
				F286E96C2A6F607C004060F0 /* piano-Db..wav in Resources */,
				F286E9822A6F607C004060F0 /* piano-C..wav in Resources */,
				F286E9842A6F607C004060F0 /* piano-.B.wav in Resources */,
				F286E9862A6F607C004060F0 /* piano-B.wav in Resources */,
				F286E96D2A6F607C004060F0 /* piano-Eb..wav in Resources */,
				F286E9772A6F607C004060F0 /* piano-.Gb.wav in Resources */,
				F286E97E2A6F607C004060F0 /* piano-C.wav in Resources */,
				F286E9802A6F607C004060F0 /* piano-C...wav in Resources */,
				F286E9852A6F607C004060F0 /* piano-D..wav in Resources */,
				F286E9762A6F607C004060F0 /* piano-Ab..wav in Resources */,
				F286E9682A6F607C004060F0 /* piano-.A.wav in Resources */,
				F286E9702A6F607C004060F0 /* piano-.Bb.wav in Resources */,
				F286E9672A6F607C004060F0 /* piano-G..wav in Resources */,
				F29EF6CC2A3633DD005398DF /* Assets.xcassets in Resources */,
				F286E96E2A6F607C004060F0 /* piano-D.wav in Resources */,
				F286E9872A6F607C004060F0 /* piano-F..wav in Resources */,
			);
			runOnlyForDeploymentPostprocessing = 0;
		};
/* End PBXResourcesBuildPhase section */

/* Begin PBXSourcesBuildPhase section */
		F29EF6C02A3633DC005398DF /* Sources */ = {
			isa = PBXSourcesBuildPhase;
			buildActionMask = 2147483647;
			files = (
				F255D8182A4B520F00B6A8EC /* RagaData.swift in Sources */,
				F29EF6CA2A3633DC005398DF /* ContentView.swift in Sources */,
				F28392962A3F42BF003BFF36 /* RagaList.swift in Sources */,
				F28392982A3F436D003BFF36 /* RagaBuilder.swift in Sources */,
				F2882A722A47B5D5007819B2 /* SettingsView.swift in Sources */,
				F23369132A5CBE4C00F2F56F /* Test.swift in Sources */,
				F29EF6C82A3633DC005398DF /* RagaFinderApp.swift in Sources */,
				F281B93E2A4BB0E0008FD165 /* SingleRagaView.swift in Sources */,
			);
			runOnlyForDeploymentPostprocessing = 0;
		};
/* End PBXSourcesBuildPhase section */

/* Begin XCBuildConfiguration section */
		F29EF6D02A3633DD005398DF /* Debug */ = {
			isa = XCBuildConfiguration;
			buildSettings = {
				ALWAYS_SEARCH_USER_PATHS = NO;
				CLANG_ANALYZER_NONNULL = YES;
				CLANG_ANALYZER_NUMBER_OBJECT_CONVERSION = YES_AGGRESSIVE;
				CLANG_CXX_LANGUAGE_STANDARD = "gnu++20";
				CLANG_ENABLE_MODULES = YES;
				CLANG_ENABLE_OBJC_ARC = YES;
				CLANG_ENABLE_OBJC_WEAK = YES;
				CLANG_WARN_BLOCK_CAPTURE_AUTORELEASING = YES;
				CLANG_WARN_BOOL_CONVERSION = YES;
				CLANG_WARN_COMMA = YES;
				CLANG_WARN_CONSTANT_CONVERSION = YES;
				CLANG_WARN_DEPRECATED_OBJC_IMPLEMENTATIONS = YES;
				CLANG_WARN_DIRECT_OBJC_ISA_USAGE = YES_ERROR;
				CLANG_WARN_DOCUMENTATION_COMMENTS = YES;
				CLANG_WARN_EMPTY_BODY = YES;
				CLANG_WARN_ENUM_CONVERSION = YES;
				CLANG_WARN_INFINITE_RECURSION = YES;
				CLANG_WARN_INT_CONVERSION = YES;
				CLANG_WARN_NON_LITERAL_NULL_CONVERSION = YES;
				CLANG_WARN_OBJC_IMPLICIT_RETAIN_SELF = YES;
				CLANG_WARN_OBJC_LITERAL_CONVERSION = YES;
				CLANG_WARN_OBJC_ROOT_CLASS = YES_ERROR;
				CLANG_WARN_QUOTED_INCLUDE_IN_FRAMEWORK_HEADER = YES;
				CLANG_WARN_RANGE_LOOP_ANALYSIS = YES;
				CLANG_WARN_STRICT_PROTOTYPES = YES;
				CLANG_WARN_SUSPICIOUS_MOVE = YES;
				CLANG_WARN_UNGUARDED_AVAILABILITY = YES_AGGRESSIVE;
				CLANG_WARN_UNREACHABLE_CODE = YES;
				CLANG_WARN__DUPLICATE_METHOD_MATCH = YES;
				COPY_PHASE_STRIP = NO;
				DEBUG_INFORMATION_FORMAT = dwarf;
				ENABLE_STRICT_OBJC_MSGSEND = YES;
				ENABLE_TESTABILITY = YES;
				GCC_C_LANGUAGE_STANDARD = gnu11;
				GCC_DYNAMIC_NO_PIC = NO;
				GCC_NO_COMMON_BLOCKS = YES;
				GCC_OPTIMIZATION_LEVEL = 0;
				GCC_PREPROCESSOR_DEFINITIONS = (
					"DEBUG=1",
					"$(inherited)",
				);
				GCC_WARN_64_TO_32_BIT_CONVERSION = YES;
				GCC_WARN_ABOUT_RETURN_TYPE = YES_ERROR;
				GCC_WARN_UNDECLARED_SELECTOR = YES;
				GCC_WARN_UNINITIALIZED_AUTOS = YES_AGGRESSIVE;
				GCC_WARN_UNUSED_FUNCTION = YES;
				GCC_WARN_UNUSED_VARIABLE = YES;
				IPHONEOS_DEPLOYMENT_TARGET = 16.4;
				MTL_ENABLE_DEBUG_INFO = INCLUDE_SOURCE;
				MTL_FAST_MATH = YES;
				ONLY_ACTIVE_ARCH = YES;
				SDKROOT = iphoneos;
				SWIFT_ACTIVE_COMPILATION_CONDITIONS = DEBUG;
				SWIFT_OPTIMIZATION_LEVEL = "-Onone";
			};
			name = Debug;
		};
		F29EF6D12A3633DD005398DF /* Release */ = {
			isa = XCBuildConfiguration;
			buildSettings = {
				ALWAYS_SEARCH_USER_PATHS = NO;
				CLANG_ANALYZER_NONNULL = YES;
				CLANG_ANALYZER_NUMBER_OBJECT_CONVERSION = YES_AGGRESSIVE;
				CLANG_CXX_LANGUAGE_STANDARD = "gnu++20";
				CLANG_ENABLE_MODULES = YES;
				CLANG_ENABLE_OBJC_ARC = YES;
				CLANG_ENABLE_OBJC_WEAK = YES;
				CLANG_WARN_BLOCK_CAPTURE_AUTORELEASING = YES;
				CLANG_WARN_BOOL_CONVERSION = YES;
				CLANG_WARN_COMMA = YES;
				CLANG_WARN_CONSTANT_CONVERSION = YES;
				CLANG_WARN_DEPRECATED_OBJC_IMPLEMENTATIONS = YES;
				CLANG_WARN_DIRECT_OBJC_ISA_USAGE = YES_ERROR;
				CLANG_WARN_DOCUMENTATION_COMMENTS = YES;
				CLANG_WARN_EMPTY_BODY = YES;
				CLANG_WARN_ENUM_CONVERSION = YES;
				CLANG_WARN_INFINITE_RECURSION = YES;
				CLANG_WARN_INT_CONVERSION = YES;
				CLANG_WARN_NON_LITERAL_NULL_CONVERSION = YES;
				CLANG_WARN_OBJC_IMPLICIT_RETAIN_SELF = YES;
				CLANG_WARN_OBJC_LITERAL_CONVERSION = YES;
				CLANG_WARN_OBJC_ROOT_CLASS = YES_ERROR;
				CLANG_WARN_QUOTED_INCLUDE_IN_FRAMEWORK_HEADER = YES;
				CLANG_WARN_RANGE_LOOP_ANALYSIS = YES;
				CLANG_WARN_STRICT_PROTOTYPES = YES;
				CLANG_WARN_SUSPICIOUS_MOVE = YES;
				CLANG_WARN_UNGUARDED_AVAILABILITY = YES_AGGRESSIVE;
				CLANG_WARN_UNREACHABLE_CODE = YES;
				CLANG_WARN__DUPLICATE_METHOD_MATCH = YES;
				COPY_PHASE_STRIP = NO;
				DEBUG_INFORMATION_FORMAT = "dwarf-with-dsym";
				ENABLE_NS_ASSERTIONS = NO;
				ENABLE_STRICT_OBJC_MSGSEND = YES;
				GCC_C_LANGUAGE_STANDARD = gnu11;
				GCC_NO_COMMON_BLOCKS = YES;
				GCC_WARN_64_TO_32_BIT_CONVERSION = YES;
				GCC_WARN_ABOUT_RETURN_TYPE = YES_ERROR;
				GCC_WARN_UNDECLARED_SELECTOR = YES;
				GCC_WARN_UNINITIALIZED_AUTOS = YES_AGGRESSIVE;
				GCC_WARN_UNUSED_FUNCTION = YES;
				GCC_WARN_UNUSED_VARIABLE = YES;
				IPHONEOS_DEPLOYMENT_TARGET = 16.4;
				MTL_ENABLE_DEBUG_INFO = NO;
				MTL_FAST_MATH = YES;
				SDKROOT = iphoneos;
				SWIFT_COMPILATION_MODE = wholemodule;
				SWIFT_OPTIMIZATION_LEVEL = "-O";
				VALIDATE_PRODUCT = YES;
			};
			name = Release;
		};
		F29EF6D32A3633DD005398DF /* Debug */ = {
			isa = XCBuildConfiguration;
			buildSettings = {
				ASSETCATALOG_COMPILER_APPICON_NAME = AppIcon;
				ASSETCATALOG_COMPILER_GLOBAL_ACCENT_COLOR_NAME = AccentColor;
				ASSETCATALOG_COMPILER_INCLUDE_ALL_APPICON_ASSETS = YES;
				CODE_SIGN_IDENTITY = "Apple Development";
				CODE_SIGN_STYLE = Automatic;
				CURRENT_PROJECT_VERSION = 3;
				DEVELOPMENT_ASSET_PATHS = "\"RagaFinder/Preview Content\"";
				DEVELOPMENT_TEAM = GP367F2G9V;
				ENABLE_PREVIEWS = YES;
				GENERATE_INFOPLIST_FILE = YES;
				INFOPLIST_KEY_CFBundleDisplayName = "Find My Raga";
				INFOPLIST_KEY_LSApplicationCategoryType = "public.app-category.music";
				INFOPLIST_KEY_UIApplicationSceneManifest_Generation = YES;
				INFOPLIST_KEY_UIApplicationSupportsIndirectInputEvents = YES;
				INFOPLIST_KEY_UILaunchScreen_Generation = YES;
				INFOPLIST_KEY_UISupportedInterfaceOrientations = UIInterfaceOrientationPortrait;
				INFOPLIST_KEY_UISupportedInterfaceOrientations_iPad = "UIInterfaceOrientationLandscapeLeft UIInterfaceOrientationLandscapeRight UIInterfaceOrientationPortrait UIInterfaceOrientationPortraitUpsideDown";
				IPHONEOS_DEPLOYMENT_TARGET = 16.0;
				LD_RUNPATH_SEARCH_PATHS = (
					"$(inherited)",
					"@executable_path/Frameworks",
				);
				MARKETING_VERSION = 0.2.2;
				PRODUCT_BUNDLE_IDENTIFIER = com.RakshayNarayanan.RagaFinder;
				PRODUCT_NAME = "$(TARGET_NAME)";
				PROVISIONING_PROFILE_SPECIFIER = "";
				SUPPORTED_PLATFORMS = "iphoneos iphonesimulator";
				SUPPORTS_MACCATALYST = NO;
				SUPPORTS_MAC_DESIGNED_FOR_IPHONE_IPAD = NO;
				SWIFT_EMIT_LOC_STRINGS = YES;
				SWIFT_VERSION = 5.0;
				TARGETED_DEVICE_FAMILY = "1,2";
			};
			name = Debug;
		};
		F29EF6D42A3633DD005398DF /* Release */ = {
			isa = XCBuildConfiguration;
			buildSettings = {
				ASSETCATALOG_COMPILER_APPICON_NAME = AppIcon;
				ASSETCATALOG_COMPILER_GLOBAL_ACCENT_COLOR_NAME = AccentColor;
				ASSETCATALOG_COMPILER_INCLUDE_ALL_APPICON_ASSETS = YES;
				CODE_SIGN_IDENTITY = "Apple Development";
				CODE_SIGN_STYLE = Automatic;
				CURRENT_PROJECT_VERSION = 3;
				DEVELOPMENT_ASSET_PATHS = "\"RagaFinder/Preview Content\"";
				DEVELOPMENT_TEAM = GP367F2G9V;
				ENABLE_PREVIEWS = YES;
				GENERATE_INFOPLIST_FILE = YES;
				INFOPLIST_KEY_CFBundleDisplayName = "Find My Raga";
				INFOPLIST_KEY_LSApplicationCategoryType = "public.app-category.music";
				INFOPLIST_KEY_UIApplicationSceneManifest_Generation = YES;
				INFOPLIST_KEY_UIApplicationSupportsIndirectInputEvents = YES;
				INFOPLIST_KEY_UILaunchScreen_Generation = YES;
				INFOPLIST_KEY_UISupportedInterfaceOrientations = UIInterfaceOrientationPortrait;
				INFOPLIST_KEY_UISupportedInterfaceOrientations_iPad = "UIInterfaceOrientationLandscapeLeft UIInterfaceOrientationLandscapeRight UIInterfaceOrientationPortrait UIInterfaceOrientationPortraitUpsideDown";
				IPHONEOS_DEPLOYMENT_TARGET = 16.0;
				LD_RUNPATH_SEARCH_PATHS = (
					"$(inherited)",
					"@executable_path/Frameworks",
				);
				MARKETING_VERSION = 0.2.2;
				PRODUCT_BUNDLE_IDENTIFIER = com.RakshayNarayanan.RagaFinder;
				PRODUCT_NAME = "$(TARGET_NAME)";
				PROVISIONING_PROFILE_SPECIFIER = "";
				SUPPORTED_PLATFORMS = "iphoneos iphonesimulator";
				SUPPORTS_MACCATALYST = NO;
				SUPPORTS_MAC_DESIGNED_FOR_IPHONE_IPAD = NO;
				SWIFT_EMIT_LOC_STRINGS = YES;
				SWIFT_VERSION = 5.0;
				TARGETED_DEVICE_FAMILY = "1,2";
			};
			name = Release;
		};
/* End XCBuildConfiguration section */

/* Begin XCConfigurationList section */
		F29EF6BF2A3633DC005398DF /* Build configuration list for PBXProject "RagaFinder" */ = {
			isa = XCConfigurationList;
			buildConfigurations = (
				F29EF6D02A3633DD005398DF /* Debug */,
				F29EF6D12A3633DD005398DF /* Release */,
			);
			defaultConfigurationIsVisible = 0;
			defaultConfigurationName = Release;
		};
		F29EF6D22A3633DD005398DF /* Build configuration list for PBXNativeTarget "RagaFinder" */ = {
			isa = XCConfigurationList;
			buildConfigurations = (
				F29EF6D32A3633DD005398DF /* Debug */,
				F29EF6D42A3633DD005398DF /* Release */,
			);
			defaultConfigurationIsVisible = 0;
			defaultConfigurationName = Release;
		};
/* End XCConfigurationList section */
	};
	rootObject = F29EF6BC2A3633DC005398DF /* Project object */;
}
